
Microsoft Visual Studio Solution File, Format Version 12.00
# Visual Studio 15
VisualStudioVersion = 15.0.27703.2035
MinimumVisualStudioVersion = 10.0.40219.1
Project("{FAE04EC0-301F-11D3-BF4B-00C04F79EFBC}") = "ComicBookLibraryManager", "ComicBookLibraryManager\ComicBookLibraryManager.csproj", "{D30BE089-4B9E-4532-ABE8-5F33EF03C585}"
EndProject
Project("{FAE04EC0-301F-11D3-BF4B-00C04F79EFBC}") = "ComicBookShared", "ComicBookShared\ComicBookShared.csproj", "{2079BF34-9AC2-40FF-8D8C-89AE35BE1DD8}"
EndProject
Project("{FAE04EC0-301F-11D3-BF4B-00C04F79EFBC}") = "ComicBookLibraryManagerWebApp", "ComicBookLibraryManagerWebApp\ComicBookLibraryManagerWebApp.csproj", "{0196D165-652D-4A0D-AB67-F5F4BCA26FB2}"
EndProject
Global
	GlobalSection(SolutionConfigurationPlatforms) = preSolution
		Debug|Any CPU = Debug|Any CPU
		Release|Any CPU = Release|Any CPU
	EndGlobalSection
	GlobalSection(ProjectConfigurationPlatforms) = postSolution
		{D30BE089-4B9E-4532-ABE8-5F33EF03C585}.Debug|Any CPU.ActiveCfg = Debug|Any CPU
		{D30BE089-4B9E-4532-ABE8-5F33EF03C585}.Debug|Any CPU.Build.0 = Debug|Any CPU
		{D30BE089-4B9E-4532-ABE8-5F33EF03C585}.Release|Any CPU.ActiveCfg = Release|Any CPU
		{D30BE089-4B9E-4532-ABE8-5F33EF03C585}.Release|Any CPU.Build.0 = Release|Any CPU
		{2079BF34-9AC2-40FF-8D8C-89AE35BE1DD8}.Debug|Any CPU.ActiveCfg = Debug|Any CPU
		{2079BF34-9AC2-40FF-8D8C-89AE35BE1DD8}.Debug|Any CPU.Build.0 = Debug|Any CPU
		{2079BF34-9AC2-40FF-8D8C-89AE35BE1DD8}.Release|Any CPU.ActiveCfg = Release|Any CPU
		{2079BF34-9AC2-40FF-8D8C-89AE35BE1DD8}.Release|Any CPU.Build.0 = Release|Any CPU
		{0196D165-652D-4A0D-AB67-F5F4BCA26FB2}.Debug|Any CPU.ActiveCfg = Debug|Any CPU
		{0196D165-652D-4A0D-AB67-F5F4BCA26FB2}.Debug|Any CPU.Build.0 = Debug|Any CPU
		{0196D165-652D-4A0D-AB67-F5F4BCA26FB2}.Release|Any CPU.ActiveCfg = Release|Any CPU
		{0196D165-652D-4A0D-AB67-F5F4BCA26FB2}.Release|Any CPU.Build.0 = Release|Any CPU
	EndGlobalSection
	GlobalSection(SolutionProperties) = preSolution
		HideSolutionNode = FALSE
	EndGlobalSection
	GlobalSection(ExtensibilityGlobals) = postSolution
		SolutionGuid = {8244A388-4341-4829-A86D-215DB3595CDB}
	EndGlobalSection
EndGlobal
